<?xml version="1.0" encoding="utf-8"?>
<Project ToolsVersion="16.0" xmlns="http://schemas.microsoft.com/developer/msbuild/2003">
  <ItemGroup>
    <ClCompile Include="D:\git\April-Tag-VR-FullBody-Tracker\wxWidgets\src\xml\xml.cpp">
      <Filter>Source Files</Filter>
    </ClCompile>
    <ClCompile Include="D:\git\April-Tag-VR-FullBody-Tracker\wxWidgets\src\common\xtixml.cpp">
      <Filter>Common Sources</Filter>
    </ClCompile>
  </ItemGroup>
  <ItemGroup>
    <ClInclude Include="D:\git\April-Tag-VR-FullBody-Tracker\wxWidgets\include\wx\xml\xml.h">
      <Filter>Common Headers</Filter>
    </ClInclude>
    <ClInclude Include="D:\git\April-Tag-VR-FullBody-Tracker\wxWidgets\include\wx\xtixml.h">
      <Filter>Common Headers</Filter>
    </ClInclude>
    <ClInclude Include="D:\git\April-Tag-VR-FullBody-Tracker\win\lib\vc_x64_lib\mswu\wx\setup.h">
      <Filter>Setup Headers</Filter>
    </ClInclude>
  </ItemGroup>
  <ItemGroup>
    <CustomBuild Include="D:\git\April-Tag-VR-FullBody-Tracker\win\CMakeFiles\8ea274937d02438f22cb5e6c839c65c6\wxxml_CXX_prefix.hxx.rule">
      <Filter>CMake Rules</Filter>
    </CustomBuild>
    <CustomBuild Include="D:\git\April-Tag-VR-FullBody-Tracker\wxWidgets\build\cmake\lib\xml\CMakeLists.txt" />
  </ItemGroup>
  <ItemGroup>
    <Filter Include="CMake Rules">
      <UniqueIdentifier>{916A4C8E-BBD1-32C4-8366-EDD3147CB038}</UniqueIdentifier>
    </Filter>
    <Filter Include="Common Headers">
      <UniqueIdentifier>{07F3BA9A-8D1C-3EAD-AAB9-A561FEFEC5E8}</UniqueIdentifier>
    </Filter>
    <Filter Include="Common Sources">
      <UniqueIdentifier>{EBC1DCF0-25BB-3E93-B068-E0519112FB4C}</UniqueIdentifier>
    </Filter>
    <Filter Include="Setup Headers">
      <UniqueIdentifier>{B713D645-9CD7-32FC-BF95-A15104CC1421}</UniqueIdentifier>
    </Filter>
    <Filter Include="Source Files">
      <UniqueIdentifier>{A5DEAF38-DB26-3417-B105-8BFD34CD0A19}</UniqueIdentifier>
    </Filter>
  </ItemGroup>
</Project>
