<?xml version="1.0" encoding="utf-8"?>
<Project ToolsVersion="16.0" xmlns="http://schemas.microsoft.com/developer/msbuild/2003">
  <ItemGroup>
    <CustomBuild Include="D:\git\April-Tag-VR-FullBody-Tracker\win\CMakeFiles\8826460c904bb003a826003a6c9afa25\INSTALL_force.rule">
      <Filter>CMake Rules</Filter>
    </CustomBuild>
  </ItemGroup>
  <ItemGroup>
    <Filter Include="CMake Rules">
      <UniqueIdentifier>{916A4C8E-BBD1-32C4-8366-EDD3147CB038}</UniqueIdentifier>
    </Filter>
  </ItemGroup>
</Project>
