<?xml version="1.0" encoding="utf-8"?>
<Project ToolsVersion="16.0" xmlns="http://schemas.microsoft.com/developer/msbuild/2003">
  <ItemGroup>
    <ClCompile Include="D:\git\April-Tag-VR-FullBody-Tracker\wxWidgets\src\html\helpctrl.cpp">
      <Filter>wxHTML Sources</Filter>
    </ClCompile>
    <ClCompile Include="D:\git\April-Tag-VR-FullBody-Tracker\wxWidgets\src\html\helpdata.cpp">
      <Filter>wxHTML Sources</Filter>
    </ClCompile>
    <ClCompile Include="D:\git\April-Tag-VR-FullBody-Tracker\wxWidgets\src\html\helpdlg.cpp">
      <Filter>wxHTML Sources</Filter>
    </ClCompile>
    <ClCompile Include="D:\git\April-Tag-VR-FullBody-Tracker\wxWidgets\src\html\helpfrm.cpp">
      <Filter>wxHTML Sources</Filter>
    </ClCompile>
    <ClCompile Include="D:\git\April-Tag-VR-FullBody-Tracker\wxWidgets\src\html\helpwnd.cpp">
      <Filter>wxHTML Sources</Filter>
    </ClCompile>
    <ClCompile Include="D:\git\April-Tag-VR-FullBody-Tracker\wxWidgets\src\html\htmlcell.cpp">
      <Filter>wxHTML Sources</Filter>
    </ClCompile>
    <ClCompile Include="D:\git\April-Tag-VR-FullBody-Tracker\wxWidgets\src\html\htmlfilt.cpp">
      <Filter>wxHTML Sources</Filter>
    </ClCompile>
    <ClCompile Include="D:\git\April-Tag-VR-FullBody-Tracker\wxWidgets\src\html\htmlpars.cpp">
      <Filter>wxHTML Sources</Filter>
    </ClCompile>
    <ClCompile Include="D:\git\April-Tag-VR-FullBody-Tracker\wxWidgets\src\html\htmltag.cpp">
      <Filter>wxHTML Sources</Filter>
    </ClCompile>
    <ClCompile Include="D:\git\April-Tag-VR-FullBody-Tracker\wxWidgets\src\html\htmlwin.cpp">
      <Filter>wxHTML Sources</Filter>
    </ClCompile>
    <ClCompile Include="D:\git\April-Tag-VR-FullBody-Tracker\wxWidgets\src\html\htmprint.cpp">
      <Filter>wxHTML Sources</Filter>
    </ClCompile>
    <ClCompile Include="D:\git\April-Tag-VR-FullBody-Tracker\wxWidgets\src\html\m_dflist.cpp">
      <Filter>wxHTML Sources</Filter>
    </ClCompile>
    <ClCompile Include="D:\git\April-Tag-VR-FullBody-Tracker\wxWidgets\src\html\m_fonts.cpp">
      <Filter>wxHTML Sources</Filter>
    </ClCompile>
    <ClCompile Include="D:\git\April-Tag-VR-FullBody-Tracker\wxWidgets\src\html\m_hline.cpp">
      <Filter>wxHTML Sources</Filter>
    </ClCompile>
    <ClCompile Include="D:\git\April-Tag-VR-FullBody-Tracker\wxWidgets\src\html\m_image.cpp">
      <Filter>wxHTML Sources</Filter>
    </ClCompile>
    <ClCompile Include="D:\git\April-Tag-VR-FullBody-Tracker\wxWidgets\src\html\m_layout.cpp">
      <Filter>wxHTML Sources</Filter>
    </ClCompile>
    <ClCompile Include="D:\git\April-Tag-VR-FullBody-Tracker\wxWidgets\src\html\m_links.cpp">
      <Filter>wxHTML Sources</Filter>
    </ClCompile>
    <ClCompile Include="D:\git\April-Tag-VR-FullBody-Tracker\wxWidgets\src\html\m_list.cpp">
      <Filter>wxHTML Sources</Filter>
    </ClCompile>
    <ClCompile Include="D:\git\April-Tag-VR-FullBody-Tracker\wxWidgets\src\html\m_pre.cpp">
      <Filter>wxHTML Sources</Filter>
    </ClCompile>
    <ClCompile Include="D:\git\April-Tag-VR-FullBody-Tracker\wxWidgets\src\html\m_span.cpp">
      <Filter>wxHTML Sources</Filter>
    </ClCompile>
    <ClCompile Include="D:\git\April-Tag-VR-FullBody-Tracker\wxWidgets\src\html\m_style.cpp">
      <Filter>wxHTML Sources</Filter>
    </ClCompile>
    <ClCompile Include="D:\git\April-Tag-VR-FullBody-Tracker\wxWidgets\src\html\m_tables.cpp">
      <Filter>wxHTML Sources</Filter>
    </ClCompile>
    <ClCompile Include="D:\git\April-Tag-VR-FullBody-Tracker\wxWidgets\src\html\styleparams.cpp">
      <Filter>wxHTML Sources</Filter>
    </ClCompile>
    <ClCompile Include="D:\git\April-Tag-VR-FullBody-Tracker\wxWidgets\src\html\winpars.cpp">
      <Filter>wxHTML Sources</Filter>
    </ClCompile>
    <ClCompile Include="D:\git\April-Tag-VR-FullBody-Tracker\wxWidgets\src\generic\htmllbox.cpp">
      <Filter>Generic Sources</Filter>
    </ClCompile>
    <ClCompile Include="D:\git\April-Tag-VR-FullBody-Tracker\wxWidgets\src\msw\helpbest.cpp">
      <Filter>MSW Sources</Filter>
    </ClCompile>
    <ClCompile Include="D:\git\April-Tag-VR-FullBody-Tracker\wxWidgets\src\html\chm.cpp">
      <Filter>wxHTML Sources</Filter>
    </ClCompile>
  </ItemGroup>
  <ItemGroup>
    <ClInclude Include="D:\git\April-Tag-VR-FullBody-Tracker\wxWidgets\include\wx\html\forcelnk.h">
      <Filter>wxHTML Headers</Filter>
    </ClInclude>
    <ClInclude Include="D:\git\April-Tag-VR-FullBody-Tracker\wxWidgets\include\wx\html\helpctrl.h">
      <Filter>wxHTML Headers</Filter>
    </ClInclude>
    <ClInclude Include="D:\git\April-Tag-VR-FullBody-Tracker\wxWidgets\include\wx\html\helpdata.h">
      <Filter>wxHTML Headers</Filter>
    </ClInclude>
    <ClInclude Include="D:\git\April-Tag-VR-FullBody-Tracker\wxWidgets\include\wx\html\helpdlg.h">
      <Filter>wxHTML Headers</Filter>
    </ClInclude>
    <ClInclude Include="D:\git\April-Tag-VR-FullBody-Tracker\wxWidgets\include\wx\html\helpfrm.h">
      <Filter>wxHTML Headers</Filter>
    </ClInclude>
    <ClInclude Include="D:\git\April-Tag-VR-FullBody-Tracker\wxWidgets\include\wx\html\helpwnd.h">
      <Filter>wxHTML Headers</Filter>
    </ClInclude>
    <ClInclude Include="D:\git\April-Tag-VR-FullBody-Tracker\wxWidgets\include\wx\html\htmlcell.h">
      <Filter>wxHTML Headers</Filter>
    </ClInclude>
    <ClInclude Include="D:\git\April-Tag-VR-FullBody-Tracker\wxWidgets\include\wx\html\htmldefs.h">
      <Filter>wxHTML Headers</Filter>
    </ClInclude>
    <ClInclude Include="D:\git\April-Tag-VR-FullBody-Tracker\wxWidgets\include\wx\html\htmlfilt.h">
      <Filter>wxHTML Headers</Filter>
    </ClInclude>
    <ClInclude Include="D:\git\April-Tag-VR-FullBody-Tracker\wxWidgets\include\wx\html\htmlpars.h">
      <Filter>wxHTML Headers</Filter>
    </ClInclude>
    <ClInclude Include="D:\git\April-Tag-VR-FullBody-Tracker\wxWidgets\include\wx\html\htmlproc.h">
      <Filter>wxHTML Headers</Filter>
    </ClInclude>
    <ClInclude Include="D:\git\April-Tag-VR-FullBody-Tracker\wxWidgets\include\wx\html\htmltag.h">
      <Filter>wxHTML Headers</Filter>
    </ClInclude>
    <ClInclude Include="D:\git\April-Tag-VR-FullBody-Tracker\wxWidgets\include\wx\html\htmlwin.h">
      <Filter>wxHTML Headers</Filter>
    </ClInclude>
    <ClInclude Include="D:\git\April-Tag-VR-FullBody-Tracker\wxWidgets\include\wx\html\htmprint.h">
      <Filter>wxHTML Headers</Filter>
    </ClInclude>
    <ClInclude Include="D:\git\April-Tag-VR-FullBody-Tracker\wxWidgets\include\wx\html\m_templ.h">
      <Filter>wxHTML Headers</Filter>
    </ClInclude>
    <ClInclude Include="D:\git\April-Tag-VR-FullBody-Tracker\wxWidgets\include\wx\html\styleparams.h">
      <Filter>wxHTML Headers</Filter>
    </ClInclude>
    <ClInclude Include="D:\git\April-Tag-VR-FullBody-Tracker\wxWidgets\include\wx\html\winpars.h">
      <Filter>wxHTML Headers</Filter>
    </ClInclude>
    <ClInclude Include="D:\git\April-Tag-VR-FullBody-Tracker\wxWidgets\include\wx\wxhtml.h">
      <Filter>Common Headers</Filter>
    </ClInclude>
    <ClInclude Include="D:\git\April-Tag-VR-FullBody-Tracker\wxWidgets\include\wx\htmllbox.h">
      <Filter>Common Headers</Filter>
    </ClInclude>
    <ClInclude Include="D:\git\April-Tag-VR-FullBody-Tracker\wxWidgets\include\wx\msw\helpbest.h">
      <Filter>MSW Headers</Filter>
    </ClInclude>
    <ClInclude Include="D:\git\April-Tag-VR-FullBody-Tracker\win\lib\vc_x64_lib\mswu\wx\setup.h">
      <Filter>Setup Headers</Filter>
    </ClInclude>
  </ItemGroup>
  <ItemGroup>
    <CustomBuild Include="D:\git\April-Tag-VR-FullBody-Tracker\win\CMakeFiles\d52e2cb5ee7686247ebed8a7f9ffead9\wxhtml_CXX_prefix.hxx.rule">
      <Filter>CMake Rules</Filter>
    </CustomBuild>
    <CustomBuild Include="D:\git\April-Tag-VR-FullBody-Tracker\wxWidgets\build\cmake\lib\html\CMakeLists.txt" />
  </ItemGroup>
  <ItemGroup>
    <Filter Include="CMake Rules">
      <UniqueIdentifier>{916A4C8E-BBD1-32C4-8366-EDD3147CB038}</UniqueIdentifier>
    </Filter>
    <Filter Include="Common Headers">
      <UniqueIdentifier>{07F3BA9A-8D1C-3EAD-AAB9-A561FEFEC5E8}</UniqueIdentifier>
    </Filter>
    <Filter Include="Generic Sources">
      <UniqueIdentifier>{9FF34E71-257B-3082-84E0-E1A0E348A225}</UniqueIdentifier>
    </Filter>
    <Filter Include="MSW Headers">
      <UniqueIdentifier>{A047E391-FDCA-3D82-9EE9-27092B6E2D5E}</UniqueIdentifier>
    </Filter>
    <Filter Include="MSW Sources">
      <UniqueIdentifier>{DC2D4C78-79AD-3951-9EC7-CF50FE9E9A0E}</UniqueIdentifier>
    </Filter>
    <Filter Include="Setup Headers">
      <UniqueIdentifier>{B713D645-9CD7-32FC-BF95-A15104CC1421}</UniqueIdentifier>
    </Filter>
    <Filter Include="wxHTML Headers">
      <UniqueIdentifier>{5CAE390D-A801-3901-BBB9-87C9D4889B16}</UniqueIdentifier>
    </Filter>
    <Filter Include="wxHTML Sources">
      <UniqueIdentifier>{E220DCAB-82C6-3DB9-A0C5-0B02918B6135}</UniqueIdentifier>
    </Filter>
  </ItemGroup>
</Project>
