<?xml version="1.0" encoding="utf-8"?>
<Project ToolsVersion="16.0" xmlns="http://schemas.microsoft.com/developer/msbuild/2003">
  <ItemGroup>
    <ClCompile Include="D:\git\April-Tag-VR-FullBody-Tracker\wxWidgets\src\jpeg\jaricom.c">
      <Filter>Source Files</Filter>
    </ClCompile>
    <ClCompile Include="D:\git\April-Tag-VR-FullBody-Tracker\wxWidgets\src\jpeg\jcapimin.c">
      <Filter>Source Files</Filter>
    </ClCompile>
    <ClCompile Include="D:\git\April-Tag-VR-FullBody-Tracker\wxWidgets\src\jpeg\jcapistd.c">
      <Filter>Source Files</Filter>
    </ClCompile>
    <ClCompile Include="D:\git\April-Tag-VR-FullBody-Tracker\wxWidgets\src\jpeg\jcarith.c">
      <Filter>Source Files</Filter>
    </ClCompile>
    <ClCompile Include="D:\git\April-Tag-VR-FullBody-Tracker\wxWidgets\src\jpeg\jccoefct.c">
      <Filter>Source Files</Filter>
    </ClCompile>
    <ClCompile Include="D:\git\April-Tag-VR-FullBody-Tracker\wxWidgets\src\jpeg\jccolor.c">
      <Filter>Source Files</Filter>
    </ClCompile>
    <ClCompile Include="D:\git\April-Tag-VR-FullBody-Tracker\wxWidgets\src\jpeg\jcdctmgr.c">
      <Filter>Source Files</Filter>
    </ClCompile>
    <ClCompile Include="D:\git\April-Tag-VR-FullBody-Tracker\wxWidgets\src\jpeg\jchuff.c">
      <Filter>Source Files</Filter>
    </ClCompile>
    <ClCompile Include="D:\git\April-Tag-VR-FullBody-Tracker\wxWidgets\src\jpeg\jcinit.c">
      <Filter>Source Files</Filter>
    </ClCompile>
    <ClCompile Include="D:\git\April-Tag-VR-FullBody-Tracker\wxWidgets\src\jpeg\jcmainct.c">
      <Filter>Source Files</Filter>
    </ClCompile>
    <ClCompile Include="D:\git\April-Tag-VR-FullBody-Tracker\wxWidgets\src\jpeg\jcmarker.c">
      <Filter>Source Files</Filter>
    </ClCompile>
    <ClCompile Include="D:\git\April-Tag-VR-FullBody-Tracker\wxWidgets\src\jpeg\jcmaster.c">
      <Filter>Source Files</Filter>
    </ClCompile>
    <ClCompile Include="D:\git\April-Tag-VR-FullBody-Tracker\wxWidgets\src\jpeg\jcomapi.c">
      <Filter>Source Files</Filter>
    </ClCompile>
    <ClCompile Include="D:\git\April-Tag-VR-FullBody-Tracker\wxWidgets\src\jpeg\jcparam.c">
      <Filter>Source Files</Filter>
    </ClCompile>
    <ClCompile Include="D:\git\April-Tag-VR-FullBody-Tracker\wxWidgets\src\jpeg\jcprepct.c">
      <Filter>Source Files</Filter>
    </ClCompile>
    <ClCompile Include="D:\git\April-Tag-VR-FullBody-Tracker\wxWidgets\src\jpeg\jcsample.c">
      <Filter>Source Files</Filter>
    </ClCompile>
    <ClCompile Include="D:\git\April-Tag-VR-FullBody-Tracker\wxWidgets\src\jpeg\jctrans.c">
      <Filter>Source Files</Filter>
    </ClCompile>
    <ClCompile Include="D:\git\April-Tag-VR-FullBody-Tracker\wxWidgets\src\jpeg\jdapimin.c">
      <Filter>Source Files</Filter>
    </ClCompile>
    <ClCompile Include="D:\git\April-Tag-VR-FullBody-Tracker\wxWidgets\src\jpeg\jdapistd.c">
      <Filter>Source Files</Filter>
    </ClCompile>
    <ClCompile Include="D:\git\April-Tag-VR-FullBody-Tracker\wxWidgets\src\jpeg\jdarith.c">
      <Filter>Source Files</Filter>
    </ClCompile>
    <ClCompile Include="D:\git\April-Tag-VR-FullBody-Tracker\wxWidgets\src\jpeg\jdatadst.c">
      <Filter>Source Files</Filter>
    </ClCompile>
    <ClCompile Include="D:\git\April-Tag-VR-FullBody-Tracker\wxWidgets\src\jpeg\jdatasrc.c">
      <Filter>Source Files</Filter>
    </ClCompile>
    <ClCompile Include="D:\git\April-Tag-VR-FullBody-Tracker\wxWidgets\src\jpeg\jdcoefct.c">
      <Filter>Source Files</Filter>
    </ClCompile>
    <ClCompile Include="D:\git\April-Tag-VR-FullBody-Tracker\wxWidgets\src\jpeg\jdcolor.c">
      <Filter>Source Files</Filter>
    </ClCompile>
    <ClCompile Include="D:\git\April-Tag-VR-FullBody-Tracker\wxWidgets\src\jpeg\jddctmgr.c">
      <Filter>Source Files</Filter>
    </ClCompile>
    <ClCompile Include="D:\git\April-Tag-VR-FullBody-Tracker\wxWidgets\src\jpeg\jdhuff.c">
      <Filter>Source Files</Filter>
    </ClCompile>
    <ClCompile Include="D:\git\April-Tag-VR-FullBody-Tracker\wxWidgets\src\jpeg\jdinput.c">
      <Filter>Source Files</Filter>
    </ClCompile>
    <ClCompile Include="D:\git\April-Tag-VR-FullBody-Tracker\wxWidgets\src\jpeg\jdmainct.c">
      <Filter>Source Files</Filter>
    </ClCompile>
    <ClCompile Include="D:\git\April-Tag-VR-FullBody-Tracker\wxWidgets\src\jpeg\jdmarker.c">
      <Filter>Source Files</Filter>
    </ClCompile>
    <ClCompile Include="D:\git\April-Tag-VR-FullBody-Tracker\wxWidgets\src\jpeg\jdmaster.c">
      <Filter>Source Files</Filter>
    </ClCompile>
    <ClCompile Include="D:\git\April-Tag-VR-FullBody-Tracker\wxWidgets\src\jpeg\jdmerge.c">
      <Filter>Source Files</Filter>
    </ClCompile>
    <ClCompile Include="D:\git\April-Tag-VR-FullBody-Tracker\wxWidgets\src\jpeg\jdpostct.c">
      <Filter>Source Files</Filter>
    </ClCompile>
    <ClCompile Include="D:\git\April-Tag-VR-FullBody-Tracker\wxWidgets\src\jpeg\jdsample.c">
      <Filter>Source Files</Filter>
    </ClCompile>
    <ClCompile Include="D:\git\April-Tag-VR-FullBody-Tracker\wxWidgets\src\jpeg\jdtrans.c">
      <Filter>Source Files</Filter>
    </ClCompile>
    <ClCompile Include="D:\git\April-Tag-VR-FullBody-Tracker\wxWidgets\src\jpeg\jerror.c">
      <Filter>Source Files</Filter>
    </ClCompile>
    <ClCompile Include="D:\git\April-Tag-VR-FullBody-Tracker\wxWidgets\src\jpeg\jfdctflt.c">
      <Filter>Source Files</Filter>
    </ClCompile>
    <ClCompile Include="D:\git\April-Tag-VR-FullBody-Tracker\wxWidgets\src\jpeg\jfdctfst.c">
      <Filter>Source Files</Filter>
    </ClCompile>
    <ClCompile Include="D:\git\April-Tag-VR-FullBody-Tracker\wxWidgets\src\jpeg\jfdctint.c">
      <Filter>Source Files</Filter>
    </ClCompile>
    <ClCompile Include="D:\git\April-Tag-VR-FullBody-Tracker\wxWidgets\src\jpeg\jidctflt.c">
      <Filter>Source Files</Filter>
    </ClCompile>
    <ClCompile Include="D:\git\April-Tag-VR-FullBody-Tracker\wxWidgets\src\jpeg\jidctfst.c">
      <Filter>Source Files</Filter>
    </ClCompile>
    <ClCompile Include="D:\git\April-Tag-VR-FullBody-Tracker\wxWidgets\src\jpeg\jidctint.c">
      <Filter>Source Files</Filter>
    </ClCompile>
    <ClCompile Include="D:\git\April-Tag-VR-FullBody-Tracker\wxWidgets\src\jpeg\jmemmgr.c">
      <Filter>Source Files</Filter>
    </ClCompile>
    <ClCompile Include="D:\git\April-Tag-VR-FullBody-Tracker\wxWidgets\src\jpeg\jmemnobs.c">
      <Filter>Source Files</Filter>
    </ClCompile>
    <ClCompile Include="D:\git\April-Tag-VR-FullBody-Tracker\wxWidgets\src\jpeg\jquant1.c">
      <Filter>Source Files</Filter>
    </ClCompile>
    <ClCompile Include="D:\git\April-Tag-VR-FullBody-Tracker\wxWidgets\src\jpeg\jquant2.c">
      <Filter>Source Files</Filter>
    </ClCompile>
    <ClCompile Include="D:\git\April-Tag-VR-FullBody-Tracker\wxWidgets\src\jpeg\jutils.c">
      <Filter>Source Files</Filter>
    </ClCompile>
  </ItemGroup>
  <ItemGroup>
    <CustomBuild Include="D:\git\April-Tag-VR-FullBody-Tracker\wxWidgets\build\cmake\lib\CMakeLists.txt" />
  </ItemGroup>
  <ItemGroup>
    <Filter Include="Source Files">
      <UniqueIdentifier>{A5DEAF38-DB26-3417-B105-8BFD34CD0A19}</UniqueIdentifier>
    </Filter>
  </ItemGroup>
</Project>
