
Microsoft Visual Studio Solution File, Format Version 12.00
# Visual Studio Version 16
Project("{2150E333-8FDC-42A3-9474-1A3956D46DE8}") = "CMakePredefinedTargets", "CMakePredefinedTargets", "{9ADC2989-DFF1-3757-AE73-5984292A1CCE}"
EndProject
Project("{2150E333-8FDC-42A3-9474-1A3956D46DE8}") = "Libraries", "Libraries", "{1479B841-932F-36DE-BBFF-461663FA5FC5}"
EndProject
Project("{2150E333-8FDC-42A3-9474-1A3956D46DE8}") = "Third Party Libraries", "Third Party Libraries", "{4882C5C7-075B-3F34-A55A-053D6BF98AE0}"
EndProject
Project("{2150E333-8FDC-42A3-9474-1A3956D46DE8}") = "Utilities", "Utilities", "{825CAA60-CAA7-3F5C-9BB8-0EA60CB135A9}"
EndProject
Project("{2150E333-8FDC-42A3-9474-1A3956D46DE8}") = "cotire", "cotire", "{E60E4E11-2344-3187-8178-A81B2C511982}"
EndProject
Project("{8BC9CEB8-8B4A-11D0-8D11-00A0C91BC942}") = "AprilTagTrackers", "AprilTagTrackers\AprilTagTrackers.vcxproj", "{96CDBF92-25BC-3213-BD13-3E3B5053F9FF}"
	ProjectSection(ProjectDependencies) = postProject
		{F158BF11-9B75-3572-8D20-476B337647E9} = {F158BF11-9B75-3572-8D20-476B337647E9}
		{CE97EB50-BA5E-394F-9C6B-5907CA1876F0} = {CE97EB50-BA5E-394F-9C6B-5907CA1876F0}
		{C934FD02-8528-3C5D-8021-2B7FB42BF76D} = {C934FD02-8528-3C5D-8021-2B7FB42BF76D}
		{9169A6A8-CA65-35FD-A355-FDFB47E91734} = {9169A6A8-CA65-35FD-A355-FDFB47E91734}
		{FA867BB6-10A9-3D57-B381-8153424781C3} = {FA867BB6-10A9-3D57-B381-8153424781C3}
		{30543E6E-B49D-39DB-B157-1F03E709D4C4} = {30543E6E-B49D-39DB-B157-1F03E709D4C4}
		{D27501BB-56A6-3F20-A355-3C875D04C850} = {D27501BB-56A6-3F20-A355-3C875D04C850}
		{3BED3F85-19EB-36E8-A673-9167B748CE77} = {3BED3F85-19EB-36E8-A673-9167B748CE77}
		{1F4D0270-652B-38EC-87C9-C3DF031D6560} = {1F4D0270-652B-38EC-87C9-C3DF031D6560}
	EndProjectSection
EndProject
Project("{8BC9CEB8-8B4A-11D0-8D11-00A0C91BC942}") = "ALL_BUILD", "ALL_BUILD.vcxproj", "{A4880D07-576B-3A2C-B75F-BC5D21E6336B}"
	ProjectSection(ProjectDependencies) = postProject
		{96CDBF92-25BC-3213-BD13-3E3B5053F9FF} = {96CDBF92-25BC-3213-BD13-3E3B5053F9FF}
		{F158BF11-9B75-3572-8D20-476B337647E9} = {F158BF11-9B75-3572-8D20-476B337647E9}
		{1F6BEF87-54FB-3377-94FB-C63EA3C61077} = {1F6BEF87-54FB-3377-94FB-C63EA3C61077}
		{4455F937-A357-3011-AB16-AD95BB8FB461} = {4455F937-A357-3011-AB16-AD95BB8FB461}
		{CE97EB50-BA5E-394F-9C6B-5907CA1876F0} = {CE97EB50-BA5E-394F-9C6B-5907CA1876F0}
		{C934FD02-8528-3C5D-8021-2B7FB42BF76D} = {C934FD02-8528-3C5D-8021-2B7FB42BF76D}
		{204799D4-87E8-3130-A46F-3C1001714A23} = {204799D4-87E8-3130-A46F-3C1001714A23}
		{0F02C724-5F81-3B38-A426-6B096936B331} = {0F02C724-5F81-3B38-A426-6B096936B331}
		{8230E0EB-2917-34D9-98FD-2B65FD8375FD} = {8230E0EB-2917-34D9-98FD-2B65FD8375FD}
		{9169A6A8-CA65-35FD-A355-FDFB47E91734} = {9169A6A8-CA65-35FD-A355-FDFB47E91734}
		{A216E678-E62A-398D-9248-4B3FEBCAC66D} = {A216E678-E62A-398D-9248-4B3FEBCAC66D}
		{FA867BB6-10A9-3D57-B381-8153424781C3} = {FA867BB6-10A9-3D57-B381-8153424781C3}
		{30543E6E-B49D-39DB-B157-1F03E709D4C4} = {30543E6E-B49D-39DB-B157-1F03E709D4C4}
		{C4AF8174-6A7B-3D7B-8D43-DF587AAFC4DE} = {C4AF8174-6A7B-3D7B-8D43-DF587AAFC4DE}
		{A68FB5C4-64F9-3504-B616-A21900B164E6} = {A68FB5C4-64F9-3504-B616-A21900B164E6}
		{59ADB174-2207-35AE-B8CF-5B15E5E5AF6C} = {59ADB174-2207-35AE-B8CF-5B15E5E5AF6C}
		{D27501BB-56A6-3F20-A355-3C875D04C850} = {D27501BB-56A6-3F20-A355-3C875D04C850}
		{6DF34F3D-B80F-3188-9C87-464DBF9A6E4A} = {6DF34F3D-B80F-3188-9C87-464DBF9A6E4A}
		{8F8C888F-2224-399F-A536-1C02F2925D8C} = {8F8C888F-2224-399F-A536-1C02F2925D8C}
		{564434F0-513F-3559-8BC1-14701C15B36D} = {564434F0-513F-3559-8BC1-14701C15B36D}
		{343F03CF-B9AA-3A29-BC1B-1FE815012902} = {343F03CF-B9AA-3A29-BC1B-1FE815012902}
		{3BED3F85-19EB-36E8-A673-9167B748CE77} = {3BED3F85-19EB-36E8-A673-9167B748CE77}
		{E1EAD74C-FD9A-3769-B160-E818FBBDC71A} = {E1EAD74C-FD9A-3769-B160-E818FBBDC71A}
		{C54C2A77-E995-35FB-99DC-01ACBAC0A67E} = {C54C2A77-E995-35FB-99DC-01ACBAC0A67E}
		{98B15168-CA6E-3D71-A5F8-A9423556B5AA} = {98B15168-CA6E-3D71-A5F8-A9423556B5AA}
		{1F4D0270-652B-38EC-87C9-C3DF031D6560} = {1F4D0270-652B-38EC-87C9-C3DF031D6560}
	EndProjectSection
EndProject
Project("{8BC9CEB8-8B4A-11D0-8D11-00A0C91BC942}") = "INSTALL", "INSTALL.vcxproj", "{3AC58F42-0981-3A58-B62E-E43DA4A198C2}"
	ProjectSection(ProjectDependencies) = postProject
		{A4880D07-576B-3A2C-B75F-BC5D21E6336B} = {A4880D07-576B-3A2C-B75F-BC5D21E6336B}
		{F158BF11-9B75-3572-8D20-476B337647E9} = {F158BF11-9B75-3572-8D20-476B337647E9}
	EndProjectSection
EndProject
Project("{8BC9CEB8-8B4A-11D0-8D11-00A0C91BC942}") = "UNINSTALL", "wxWidgets\UNINSTALL.vcxproj", "{95446004-56A8-3286-960D-EED600848C01}"
	ProjectSection(ProjectDependencies) = postProject
		{F158BF11-9B75-3572-8D20-476B337647E9} = {F158BF11-9B75-3572-8D20-476B337647E9}
	EndProjectSection
EndProject
Project("{8BC9CEB8-8B4A-11D0-8D11-00A0C91BC942}") = "ZERO_CHECK", "ZERO_CHECK.vcxproj", "{F158BF11-9B75-3572-8D20-476B337647E9}"
	ProjectSection(ProjectDependencies) = postProject
	EndProjectSection
EndProject
Project("{8BC9CEB8-8B4A-11D0-8D11-00A0C91BC942}") = "clean_cotire", "wxWidgets\libs\base\clean_cotire.vcxproj", "{22F3313D-F8AA-395E-A68A-6A8F7BAB7286}"
	ProjectSection(ProjectDependencies) = postProject
		{F158BF11-9B75-3572-8D20-476B337647E9} = {F158BF11-9B75-3572-8D20-476B337647E9}
	EndProjectSection
EndProject
Project("{8BC9CEB8-8B4A-11D0-8D11-00A0C91BC942}") = "wxadv", "wxWidgets\libs\adv\wxadv.vcxproj", "{1F6BEF87-54FB-3377-94FB-C63EA3C61077}"
	ProjectSection(ProjectDependencies) = postProject
		{F158BF11-9B75-3572-8D20-476B337647E9} = {F158BF11-9B75-3572-8D20-476B337647E9}
		{CE97EB50-BA5E-394F-9C6B-5907CA1876F0} = {CE97EB50-BA5E-394F-9C6B-5907CA1876F0}
		{C934FD02-8528-3C5D-8021-2B7FB42BF76D} = {C934FD02-8528-3C5D-8021-2B7FB42BF76D}
		{9169A6A8-CA65-35FD-A355-FDFB47E91734} = {9169A6A8-CA65-35FD-A355-FDFB47E91734}
		{30543E6E-B49D-39DB-B157-1F03E709D4C4} = {30543E6E-B49D-39DB-B157-1F03E709D4C4}
		{D27501BB-56A6-3F20-A355-3C875D04C850} = {D27501BB-56A6-3F20-A355-3C875D04C850}
		{3BED3F85-19EB-36E8-A673-9167B748CE77} = {3BED3F85-19EB-36E8-A673-9167B748CE77}
		{1F4D0270-652B-38EC-87C9-C3DF031D6560} = {1F4D0270-652B-38EC-87C9-C3DF031D6560}
	EndProjectSection
EndProject
Project("{8BC9CEB8-8B4A-11D0-8D11-00A0C91BC942}") = "wxaui", "wxWidgets\libs\aui\wxaui.vcxproj", "{4455F937-A357-3011-AB16-AD95BB8FB461}"
	ProjectSection(ProjectDependencies) = postProject
		{F158BF11-9B75-3572-8D20-476B337647E9} = {F158BF11-9B75-3572-8D20-476B337647E9}
		{CE97EB50-BA5E-394F-9C6B-5907CA1876F0} = {CE97EB50-BA5E-394F-9C6B-5907CA1876F0}
		{C934FD02-8528-3C5D-8021-2B7FB42BF76D} = {C934FD02-8528-3C5D-8021-2B7FB42BF76D}
		{9169A6A8-CA65-35FD-A355-FDFB47E91734} = {9169A6A8-CA65-35FD-A355-FDFB47E91734}
		{30543E6E-B49D-39DB-B157-1F03E709D4C4} = {30543E6E-B49D-39DB-B157-1F03E709D4C4}
		{D27501BB-56A6-3F20-A355-3C875D04C850} = {D27501BB-56A6-3F20-A355-3C875D04C850}
		{3BED3F85-19EB-36E8-A673-9167B748CE77} = {3BED3F85-19EB-36E8-A673-9167B748CE77}
		{1F4D0270-652B-38EC-87C9-C3DF031D6560} = {1F4D0270-652B-38EC-87C9-C3DF031D6560}
	EndProjectSection
EndProject
Project("{8BC9CEB8-8B4A-11D0-8D11-00A0C91BC942}") = "wxbase", "wxWidgets\libs\base\wxbase.vcxproj", "{CE97EB50-BA5E-394F-9C6B-5907CA1876F0}"
	ProjectSection(ProjectDependencies) = postProject
		{F158BF11-9B75-3572-8D20-476B337647E9} = {F158BF11-9B75-3572-8D20-476B337647E9}
		{D27501BB-56A6-3F20-A355-3C875D04C850} = {D27501BB-56A6-3F20-A355-3C875D04C850}
		{1F4D0270-652B-38EC-87C9-C3DF031D6560} = {1F4D0270-652B-38EC-87C9-C3DF031D6560}
	EndProjectSection
EndProject
Project("{8BC9CEB8-8B4A-11D0-8D11-00A0C91BC942}") = "wxcore", "wxWidgets\libs\core\wxcore.vcxproj", "{C934FD02-8528-3C5D-8021-2B7FB42BF76D}"
	ProjectSection(ProjectDependencies) = postProject
		{F158BF11-9B75-3572-8D20-476B337647E9} = {F158BF11-9B75-3572-8D20-476B337647E9}
		{CE97EB50-BA5E-394F-9C6B-5907CA1876F0} = {CE97EB50-BA5E-394F-9C6B-5907CA1876F0}
		{9169A6A8-CA65-35FD-A355-FDFB47E91734} = {9169A6A8-CA65-35FD-A355-FDFB47E91734}
		{30543E6E-B49D-39DB-B157-1F03E709D4C4} = {30543E6E-B49D-39DB-B157-1F03E709D4C4}
		{D27501BB-56A6-3F20-A355-3C875D04C850} = {D27501BB-56A6-3F20-A355-3C875D04C850}
		{3BED3F85-19EB-36E8-A673-9167B748CE77} = {3BED3F85-19EB-36E8-A673-9167B748CE77}
		{1F4D0270-652B-38EC-87C9-C3DF031D6560} = {1F4D0270-652B-38EC-87C9-C3DF031D6560}
	EndProjectSection
EndProject
Project("{8BC9CEB8-8B4A-11D0-8D11-00A0C91BC942}") = "wxexpat", "wxWidgets\libs\wxexpat.vcxproj", "{204799D4-87E8-3130-A46F-3C1001714A23}"
	ProjectSection(ProjectDependencies) = postProject
		{F158BF11-9B75-3572-8D20-476B337647E9} = {F158BF11-9B75-3572-8D20-476B337647E9}
	EndProjectSection
EndProject
Project("{8BC9CEB8-8B4A-11D0-8D11-00A0C91BC942}") = "wxgl", "wxWidgets\libs\gl\wxgl.vcxproj", "{0F02C724-5F81-3B38-A426-6B096936B331}"
	ProjectSection(ProjectDependencies) = postProject
		{F158BF11-9B75-3572-8D20-476B337647E9} = {F158BF11-9B75-3572-8D20-476B337647E9}
		{CE97EB50-BA5E-394F-9C6B-5907CA1876F0} = {CE97EB50-BA5E-394F-9C6B-5907CA1876F0}
		{C934FD02-8528-3C5D-8021-2B7FB42BF76D} = {C934FD02-8528-3C5D-8021-2B7FB42BF76D}
		{9169A6A8-CA65-35FD-A355-FDFB47E91734} = {9169A6A8-CA65-35FD-A355-FDFB47E91734}
		{30543E6E-B49D-39DB-B157-1F03E709D4C4} = {30543E6E-B49D-39DB-B157-1F03E709D4C4}
		{D27501BB-56A6-3F20-A355-3C875D04C850} = {D27501BB-56A6-3F20-A355-3C875D04C850}
		{3BED3F85-19EB-36E8-A673-9167B748CE77} = {3BED3F85-19EB-36E8-A673-9167B748CE77}
		{1F4D0270-652B-38EC-87C9-C3DF031D6560} = {1F4D0270-652B-38EC-87C9-C3DF031D6560}
	EndProjectSection
EndProject
Project("{8BC9CEB8-8B4A-11D0-8D11-00A0C91BC942}") = "wxhtml", "wxWidgets\libs\html\wxhtml.vcxproj", "{8230E0EB-2917-34D9-98FD-2B65FD8375FD}"
	ProjectSection(ProjectDependencies) = postProject
		{F158BF11-9B75-3572-8D20-476B337647E9} = {F158BF11-9B75-3572-8D20-476B337647E9}
		{CE97EB50-BA5E-394F-9C6B-5907CA1876F0} = {CE97EB50-BA5E-394F-9C6B-5907CA1876F0}
		{C934FD02-8528-3C5D-8021-2B7FB42BF76D} = {C934FD02-8528-3C5D-8021-2B7FB42BF76D}
		{9169A6A8-CA65-35FD-A355-FDFB47E91734} = {9169A6A8-CA65-35FD-A355-FDFB47E91734}
		{30543E6E-B49D-39DB-B157-1F03E709D4C4} = {30543E6E-B49D-39DB-B157-1F03E709D4C4}
		{D27501BB-56A6-3F20-A355-3C875D04C850} = {D27501BB-56A6-3F20-A355-3C875D04C850}
		{3BED3F85-19EB-36E8-A673-9167B748CE77} = {3BED3F85-19EB-36E8-A673-9167B748CE77}
		{1F4D0270-652B-38EC-87C9-C3DF031D6560} = {1F4D0270-652B-38EC-87C9-C3DF031D6560}
	EndProjectSection
EndProject
Project("{8BC9CEB8-8B4A-11D0-8D11-00A0C91BC942}") = "wxjpeg", "wxWidgets\libs\wxjpeg.vcxproj", "{9169A6A8-CA65-35FD-A355-FDFB47E91734}"
	ProjectSection(ProjectDependencies) = postProject
		{F158BF11-9B75-3572-8D20-476B337647E9} = {F158BF11-9B75-3572-8D20-476B337647E9}
	EndProjectSection
EndProject
Project("{8BC9CEB8-8B4A-11D0-8D11-00A0C91BC942}") = "wxmedia", "wxWidgets\libs\media\wxmedia.vcxproj", "{A216E678-E62A-398D-9248-4B3FEBCAC66D}"
	ProjectSection(ProjectDependencies) = postProject
		{F158BF11-9B75-3572-8D20-476B337647E9} = {F158BF11-9B75-3572-8D20-476B337647E9}
		{CE97EB50-BA5E-394F-9C6B-5907CA1876F0} = {CE97EB50-BA5E-394F-9C6B-5907CA1876F0}
		{C934FD02-8528-3C5D-8021-2B7FB42BF76D} = {C934FD02-8528-3C5D-8021-2B7FB42BF76D}
		{9169A6A8-CA65-35FD-A355-FDFB47E91734} = {9169A6A8-CA65-35FD-A355-FDFB47E91734}
		{30543E6E-B49D-39DB-B157-1F03E709D4C4} = {30543E6E-B49D-39DB-B157-1F03E709D4C4}
		{D27501BB-56A6-3F20-A355-3C875D04C850} = {D27501BB-56A6-3F20-A355-3C875D04C850}
		{3BED3F85-19EB-36E8-A673-9167B748CE77} = {3BED3F85-19EB-36E8-A673-9167B748CE77}
		{1F4D0270-652B-38EC-87C9-C3DF031D6560} = {1F4D0270-652B-38EC-87C9-C3DF031D6560}
	EndProjectSection
EndProject
Project("{8BC9CEB8-8B4A-11D0-8D11-00A0C91BC942}") = "wxnet", "wxWidgets\libs\net\wxnet.vcxproj", "{FA867BB6-10A9-3D57-B381-8153424781C3}"
	ProjectSection(ProjectDependencies) = postProject
		{F158BF11-9B75-3572-8D20-476B337647E9} = {F158BF11-9B75-3572-8D20-476B337647E9}
		{CE97EB50-BA5E-394F-9C6B-5907CA1876F0} = {CE97EB50-BA5E-394F-9C6B-5907CA1876F0}
		{D27501BB-56A6-3F20-A355-3C875D04C850} = {D27501BB-56A6-3F20-A355-3C875D04C850}
		{1F4D0270-652B-38EC-87C9-C3DF031D6560} = {1F4D0270-652B-38EC-87C9-C3DF031D6560}
	EndProjectSection
EndProject
Project("{8BC9CEB8-8B4A-11D0-8D11-00A0C91BC942}") = "wxpng", "wxWidgets\libs\wxpng.vcxproj", "{30543E6E-B49D-39DB-B157-1F03E709D4C4}"
	ProjectSection(ProjectDependencies) = postProject
		{F158BF11-9B75-3572-8D20-476B337647E9} = {F158BF11-9B75-3572-8D20-476B337647E9}
		{1F4D0270-652B-38EC-87C9-C3DF031D6560} = {1F4D0270-652B-38EC-87C9-C3DF031D6560}
	EndProjectSection
EndProject
Project("{8BC9CEB8-8B4A-11D0-8D11-00A0C91BC942}") = "wxpropgrid", "wxWidgets\libs\propgrid\wxpropgrid.vcxproj", "{C4AF8174-6A7B-3D7B-8D43-DF587AAFC4DE}"
	ProjectSection(ProjectDependencies) = postProject
		{F158BF11-9B75-3572-8D20-476B337647E9} = {F158BF11-9B75-3572-8D20-476B337647E9}
		{CE97EB50-BA5E-394F-9C6B-5907CA1876F0} = {CE97EB50-BA5E-394F-9C6B-5907CA1876F0}
		{C934FD02-8528-3C5D-8021-2B7FB42BF76D} = {C934FD02-8528-3C5D-8021-2B7FB42BF76D}
		{9169A6A8-CA65-35FD-A355-FDFB47E91734} = {9169A6A8-CA65-35FD-A355-FDFB47E91734}
		{30543E6E-B49D-39DB-B157-1F03E709D4C4} = {30543E6E-B49D-39DB-B157-1F03E709D4C4}
		{D27501BB-56A6-3F20-A355-3C875D04C850} = {D27501BB-56A6-3F20-A355-3C875D04C850}
		{3BED3F85-19EB-36E8-A673-9167B748CE77} = {3BED3F85-19EB-36E8-A673-9167B748CE77}
		{1F4D0270-652B-38EC-87C9-C3DF031D6560} = {1F4D0270-652B-38EC-87C9-C3DF031D6560}
	EndProjectSection
EndProject
Project("{8BC9CEB8-8B4A-11D0-8D11-00A0C91BC942}") = "wxqa", "wxWidgets\libs\qa\wxqa.vcxproj", "{A68FB5C4-64F9-3504-B616-A21900B164E6}"
	ProjectSection(ProjectDependencies) = postProject
		{F158BF11-9B75-3572-8D20-476B337647E9} = {F158BF11-9B75-3572-8D20-476B337647E9}
		{CE97EB50-BA5E-394F-9C6B-5907CA1876F0} = {CE97EB50-BA5E-394F-9C6B-5907CA1876F0}
		{C934FD02-8528-3C5D-8021-2B7FB42BF76D} = {C934FD02-8528-3C5D-8021-2B7FB42BF76D}
		{204799D4-87E8-3130-A46F-3C1001714A23} = {204799D4-87E8-3130-A46F-3C1001714A23}
		{9169A6A8-CA65-35FD-A355-FDFB47E91734} = {9169A6A8-CA65-35FD-A355-FDFB47E91734}
		{30543E6E-B49D-39DB-B157-1F03E709D4C4} = {30543E6E-B49D-39DB-B157-1F03E709D4C4}
		{D27501BB-56A6-3F20-A355-3C875D04C850} = {D27501BB-56A6-3F20-A355-3C875D04C850}
		{3BED3F85-19EB-36E8-A673-9167B748CE77} = {3BED3F85-19EB-36E8-A673-9167B748CE77}
		{C54C2A77-E995-35FB-99DC-01ACBAC0A67E} = {C54C2A77-E995-35FB-99DC-01ACBAC0A67E}
		{1F4D0270-652B-38EC-87C9-C3DF031D6560} = {1F4D0270-652B-38EC-87C9-C3DF031D6560}
	EndProjectSection
EndProject
Project("{8BC9CEB8-8B4A-11D0-8D11-00A0C91BC942}") = "wxrc", "wxWidgets\utils\wxrc.vcxproj", "{59ADB174-2207-35AE-B8CF-5B15E5E5AF6C}"
	ProjectSection(ProjectDependencies) = postProject
		{F158BF11-9B75-3572-8D20-476B337647E9} = {F158BF11-9B75-3572-8D20-476B337647E9}
		{CE97EB50-BA5E-394F-9C6B-5907CA1876F0} = {CE97EB50-BA5E-394F-9C6B-5907CA1876F0}
		{204799D4-87E8-3130-A46F-3C1001714A23} = {204799D4-87E8-3130-A46F-3C1001714A23}
		{D27501BB-56A6-3F20-A355-3C875D04C850} = {D27501BB-56A6-3F20-A355-3C875D04C850}
		{C54C2A77-E995-35FB-99DC-01ACBAC0A67E} = {C54C2A77-E995-35FB-99DC-01ACBAC0A67E}
		{1F4D0270-652B-38EC-87C9-C3DF031D6560} = {1F4D0270-652B-38EC-87C9-C3DF031D6560}
	EndProjectSection
EndProject
Project("{8BC9CEB8-8B4A-11D0-8D11-00A0C91BC942}") = "wxregex", "wxWidgets\libs\wxregex.vcxproj", "{D27501BB-56A6-3F20-A355-3C875D04C850}"
	ProjectSection(ProjectDependencies) = postProject
		{F158BF11-9B75-3572-8D20-476B337647E9} = {F158BF11-9B75-3572-8D20-476B337647E9}
	EndProjectSection
EndProject
Project("{8BC9CEB8-8B4A-11D0-8D11-00A0C91BC942}") = "wxribbon", "wxWidgets\libs\ribbon\wxribbon.vcxproj", "{6DF34F3D-B80F-3188-9C87-464DBF9A6E4A}"
	ProjectSection(ProjectDependencies) = postProject
		{F158BF11-9B75-3572-8D20-476B337647E9} = {F158BF11-9B75-3572-8D20-476B337647E9}
		{CE97EB50-BA5E-394F-9C6B-5907CA1876F0} = {CE97EB50-BA5E-394F-9C6B-5907CA1876F0}
		{C934FD02-8528-3C5D-8021-2B7FB42BF76D} = {C934FD02-8528-3C5D-8021-2B7FB42BF76D}
		{9169A6A8-CA65-35FD-A355-FDFB47E91734} = {9169A6A8-CA65-35FD-A355-FDFB47E91734}
		{30543E6E-B49D-39DB-B157-1F03E709D4C4} = {30543E6E-B49D-39DB-B157-1F03E709D4C4}
		{D27501BB-56A6-3F20-A355-3C875D04C850} = {D27501BB-56A6-3F20-A355-3C875D04C850}
		{3BED3F85-19EB-36E8-A673-9167B748CE77} = {3BED3F85-19EB-36E8-A673-9167B748CE77}
		{1F4D0270-652B-38EC-87C9-C3DF031D6560} = {1F4D0270-652B-38EC-87C9-C3DF031D6560}
	EndProjectSection
EndProject
Project("{8BC9CEB8-8B4A-11D0-8D11-00A0C91BC942}") = "wxrichtext", "wxWidgets\libs\richtext\wxrichtext.vcxproj", "{8F8C888F-2224-399F-A536-1C02F2925D8C}"
	ProjectSection(ProjectDependencies) = postProject
		{F158BF11-9B75-3572-8D20-476B337647E9} = {F158BF11-9B75-3572-8D20-476B337647E9}
		{CE97EB50-BA5E-394F-9C6B-5907CA1876F0} = {CE97EB50-BA5E-394F-9C6B-5907CA1876F0}
		{C934FD02-8528-3C5D-8021-2B7FB42BF76D} = {C934FD02-8528-3C5D-8021-2B7FB42BF76D}
		{204799D4-87E8-3130-A46F-3C1001714A23} = {204799D4-87E8-3130-A46F-3C1001714A23}
		{8230E0EB-2917-34D9-98FD-2B65FD8375FD} = {8230E0EB-2917-34D9-98FD-2B65FD8375FD}
		{9169A6A8-CA65-35FD-A355-FDFB47E91734} = {9169A6A8-CA65-35FD-A355-FDFB47E91734}
		{30543E6E-B49D-39DB-B157-1F03E709D4C4} = {30543E6E-B49D-39DB-B157-1F03E709D4C4}
		{D27501BB-56A6-3F20-A355-3C875D04C850} = {D27501BB-56A6-3F20-A355-3C875D04C850}
		{3BED3F85-19EB-36E8-A673-9167B748CE77} = {3BED3F85-19EB-36E8-A673-9167B748CE77}
		{C54C2A77-E995-35FB-99DC-01ACBAC0A67E} = {C54C2A77-E995-35FB-99DC-01ACBAC0A67E}
		{1F4D0270-652B-38EC-87C9-C3DF031D6560} = {1F4D0270-652B-38EC-87C9-C3DF031D6560}
	EndProjectSection
EndProject
Project("{8BC9CEB8-8B4A-11D0-8D11-00A0C91BC942}") = "wxscintilla", "wxWidgets\libs\stc\wxscintilla.vcxproj", "{564434F0-513F-3559-8BC1-14701C15B36D}"
	ProjectSection(ProjectDependencies) = postProject
		{F158BF11-9B75-3572-8D20-476B337647E9} = {F158BF11-9B75-3572-8D20-476B337647E9}
	EndProjectSection
EndProject
Project("{8BC9CEB8-8B4A-11D0-8D11-00A0C91BC942}") = "wxstc", "wxWidgets\libs\stc\wxstc.vcxproj", "{343F03CF-B9AA-3A29-BC1B-1FE815012902}"
	ProjectSection(ProjectDependencies) = postProject
		{F158BF11-9B75-3572-8D20-476B337647E9} = {F158BF11-9B75-3572-8D20-476B337647E9}
		{CE97EB50-BA5E-394F-9C6B-5907CA1876F0} = {CE97EB50-BA5E-394F-9C6B-5907CA1876F0}
		{C934FD02-8528-3C5D-8021-2B7FB42BF76D} = {C934FD02-8528-3C5D-8021-2B7FB42BF76D}
		{9169A6A8-CA65-35FD-A355-FDFB47E91734} = {9169A6A8-CA65-35FD-A355-FDFB47E91734}
		{30543E6E-B49D-39DB-B157-1F03E709D4C4} = {30543E6E-B49D-39DB-B157-1F03E709D4C4}
		{D27501BB-56A6-3F20-A355-3C875D04C850} = {D27501BB-56A6-3F20-A355-3C875D04C850}
		{564434F0-513F-3559-8BC1-14701C15B36D} = {564434F0-513F-3559-8BC1-14701C15B36D}
		{3BED3F85-19EB-36E8-A673-9167B748CE77} = {3BED3F85-19EB-36E8-A673-9167B748CE77}
		{1F4D0270-652B-38EC-87C9-C3DF031D6560} = {1F4D0270-652B-38EC-87C9-C3DF031D6560}
	EndProjectSection
EndProject
Project("{8BC9CEB8-8B4A-11D0-8D11-00A0C91BC942}") = "wxtiff", "wxWidgets\libs\wxtiff.vcxproj", "{3BED3F85-19EB-36E8-A673-9167B748CE77}"
	ProjectSection(ProjectDependencies) = postProject
		{F158BF11-9B75-3572-8D20-476B337647E9} = {F158BF11-9B75-3572-8D20-476B337647E9}
		{9169A6A8-CA65-35FD-A355-FDFB47E91734} = {9169A6A8-CA65-35FD-A355-FDFB47E91734}
		{1F4D0270-652B-38EC-87C9-C3DF031D6560} = {1F4D0270-652B-38EC-87C9-C3DF031D6560}
	EndProjectSection
EndProject
Project("{8BC9CEB8-8B4A-11D0-8D11-00A0C91BC942}") = "wxwebview", "wxWidgets\libs\webview\wxwebview.vcxproj", "{E1EAD74C-FD9A-3769-B160-E818FBBDC71A}"
	ProjectSection(ProjectDependencies) = postProject
		{F158BF11-9B75-3572-8D20-476B337647E9} = {F158BF11-9B75-3572-8D20-476B337647E9}
		{CE97EB50-BA5E-394F-9C6B-5907CA1876F0} = {CE97EB50-BA5E-394F-9C6B-5907CA1876F0}
		{C934FD02-8528-3C5D-8021-2B7FB42BF76D} = {C934FD02-8528-3C5D-8021-2B7FB42BF76D}
		{9169A6A8-CA65-35FD-A355-FDFB47E91734} = {9169A6A8-CA65-35FD-A355-FDFB47E91734}
		{30543E6E-B49D-39DB-B157-1F03E709D4C4} = {30543E6E-B49D-39DB-B157-1F03E709D4C4}
		{D27501BB-56A6-3F20-A355-3C875D04C850} = {D27501BB-56A6-3F20-A355-3C875D04C850}
		{3BED3F85-19EB-36E8-A673-9167B748CE77} = {3BED3F85-19EB-36E8-A673-9167B748CE77}
		{1F4D0270-652B-38EC-87C9-C3DF031D6560} = {1F4D0270-652B-38EC-87C9-C3DF031D6560}
	EndProjectSection
EndProject
Project("{8BC9CEB8-8B4A-11D0-8D11-00A0C91BC942}") = "wxxml", "wxWidgets\libs\xml\wxxml.vcxproj", "{C54C2A77-E995-35FB-99DC-01ACBAC0A67E}"
	ProjectSection(ProjectDependencies) = postProject
		{F158BF11-9B75-3572-8D20-476B337647E9} = {F158BF11-9B75-3572-8D20-476B337647E9}
		{CE97EB50-BA5E-394F-9C6B-5907CA1876F0} = {CE97EB50-BA5E-394F-9C6B-5907CA1876F0}
		{204799D4-87E8-3130-A46F-3C1001714A23} = {204799D4-87E8-3130-A46F-3C1001714A23}
		{D27501BB-56A6-3F20-A355-3C875D04C850} = {D27501BB-56A6-3F20-A355-3C875D04C850}
		{1F4D0270-652B-38EC-87C9-C3DF031D6560} = {1F4D0270-652B-38EC-87C9-C3DF031D6560}
	EndProjectSection
EndProject
Project("{8BC9CEB8-8B4A-11D0-8D11-00A0C91BC942}") = "wxxrc", "wxWidgets\libs\xrc\wxxrc.vcxproj", "{98B15168-CA6E-3D71-A5F8-A9423556B5AA}"
	ProjectSection(ProjectDependencies) = postProject
		{F158BF11-9B75-3572-8D20-476B337647E9} = {F158BF11-9B75-3572-8D20-476B337647E9}
		{CE97EB50-BA5E-394F-9C6B-5907CA1876F0} = {CE97EB50-BA5E-394F-9C6B-5907CA1876F0}
		{C934FD02-8528-3C5D-8021-2B7FB42BF76D} = {C934FD02-8528-3C5D-8021-2B7FB42BF76D}
		{204799D4-87E8-3130-A46F-3C1001714A23} = {204799D4-87E8-3130-A46F-3C1001714A23}
		{8230E0EB-2917-34D9-98FD-2B65FD8375FD} = {8230E0EB-2917-34D9-98FD-2B65FD8375FD}
		{9169A6A8-CA65-35FD-A355-FDFB47E91734} = {9169A6A8-CA65-35FD-A355-FDFB47E91734}
		{30543E6E-B49D-39DB-B157-1F03E709D4C4} = {30543E6E-B49D-39DB-B157-1F03E709D4C4}
		{D27501BB-56A6-3F20-A355-3C875D04C850} = {D27501BB-56A6-3F20-A355-3C875D04C850}
		{3BED3F85-19EB-36E8-A673-9167B748CE77} = {3BED3F85-19EB-36E8-A673-9167B748CE77}
		{C54C2A77-E995-35FB-99DC-01ACBAC0A67E} = {C54C2A77-E995-35FB-99DC-01ACBAC0A67E}
		{1F4D0270-652B-38EC-87C9-C3DF031D6560} = {1F4D0270-652B-38EC-87C9-C3DF031D6560}
	EndProjectSection
EndProject
Project("{8BC9CEB8-8B4A-11D0-8D11-00A0C91BC942}") = "wxzlib", "wxWidgets\libs\wxzlib.vcxproj", "{1F4D0270-652B-38EC-87C9-C3DF031D6560}"
	ProjectSection(ProjectDependencies) = postProject
		{F158BF11-9B75-3572-8D20-476B337647E9} = {F158BF11-9B75-3572-8D20-476B337647E9}
	EndProjectSection
EndProject
Global
	GlobalSection(SolutionConfigurationPlatforms) = preSolution
		Debug|x64 = Debug|x64
		Release|x64 = Release|x64
		MinSizeRel|x64 = MinSizeRel|x64
		RelWithDebInfo|x64 = RelWithDebInfo|x64
	EndGlobalSection
	GlobalSection(ProjectConfigurationPlatforms) = postSolution
		{96CDBF92-25BC-3213-BD13-3E3B5053F9FF}.Debug|x64.ActiveCfg = Debug|x64
		{96CDBF92-25BC-3213-BD13-3E3B5053F9FF}.Debug|x64.Build.0 = Debug|x64
		{96CDBF92-25BC-3213-BD13-3E3B5053F9FF}.Release|x64.ActiveCfg = Release|x64
		{96CDBF92-25BC-3213-BD13-3E3B5053F9FF}.Release|x64.Build.0 = Release|x64
		{96CDBF92-25BC-3213-BD13-3E3B5053F9FF}.MinSizeRel|x64.ActiveCfg = MinSizeRel|x64
		{96CDBF92-25BC-3213-BD13-3E3B5053F9FF}.MinSizeRel|x64.Build.0 = MinSizeRel|x64
		{96CDBF92-25BC-3213-BD13-3E3B5053F9FF}.RelWithDebInfo|x64.ActiveCfg = RelWithDebInfo|x64
		{96CDBF92-25BC-3213-BD13-3E3B5053F9FF}.RelWithDebInfo|x64.Build.0 = RelWithDebInfo|x64
		{A4880D07-576B-3A2C-B75F-BC5D21E6336B}.Debug|x64.ActiveCfg = Debug|x64
		{A4880D07-576B-3A2C-B75F-BC5D21E6336B}.Debug|x64.Build.0 = Debug|x64
		{A4880D07-576B-3A2C-B75F-BC5D21E6336B}.Release|x64.ActiveCfg = Release|x64
		{A4880D07-576B-3A2C-B75F-BC5D21E6336B}.Release|x64.Build.0 = Release|x64
		{A4880D07-576B-3A2C-B75F-BC5D21E6336B}.MinSizeRel|x64.ActiveCfg = MinSizeRel|x64
		{A4880D07-576B-3A2C-B75F-BC5D21E6336B}.MinSizeRel|x64.Build.0 = MinSizeRel|x64
		{A4880D07-576B-3A2C-B75F-BC5D21E6336B}.RelWithDebInfo|x64.ActiveCfg = RelWithDebInfo|x64
		{A4880D07-576B-3A2C-B75F-BC5D21E6336B}.RelWithDebInfo|x64.Build.0 = RelWithDebInfo|x64
		{3AC58F42-0981-3A58-B62E-E43DA4A198C2}.Debug|x64.ActiveCfg = Debug|x64
		{3AC58F42-0981-3A58-B62E-E43DA4A198C2}.Release|x64.ActiveCfg = Release|x64
		{3AC58F42-0981-3A58-B62E-E43DA4A198C2}.MinSizeRel|x64.ActiveCfg = MinSizeRel|x64
		{3AC58F42-0981-3A58-B62E-E43DA4A198C2}.RelWithDebInfo|x64.ActiveCfg = RelWithDebInfo|x64
		{95446004-56A8-3286-960D-EED600848C01}.Debug|x64.ActiveCfg = Debug|x64
		{95446004-56A8-3286-960D-EED600848C01}.Release|x64.ActiveCfg = Release|x64
		{95446004-56A8-3286-960D-EED600848C01}.MinSizeRel|x64.ActiveCfg = MinSizeRel|x64
		{95446004-56A8-3286-960D-EED600848C01}.RelWithDebInfo|x64.ActiveCfg = RelWithDebInfo|x64
		{F158BF11-9B75-3572-8D20-476B337647E9}.Debug|x64.ActiveCfg = Debug|x64
		{F158BF11-9B75-3572-8D20-476B337647E9}.Debug|x64.Build.0 = Debug|x64
		{F158BF11-9B75-3572-8D20-476B337647E9}.Release|x64.ActiveCfg = Release|x64
		{F158BF11-9B75-3572-8D20-476B337647E9}.Release|x64.Build.0 = Release|x64
		{F158BF11-9B75-3572-8D20-476B337647E9}.MinSizeRel|x64.ActiveCfg = MinSizeRel|x64
		{F158BF11-9B75-3572-8D20-476B337647E9}.MinSizeRel|x64.Build.0 = MinSizeRel|x64
		{F158BF11-9B75-3572-8D20-476B337647E9}.RelWithDebInfo|x64.ActiveCfg = RelWithDebInfo|x64
		{F158BF11-9B75-3572-8D20-476B337647E9}.RelWithDebInfo|x64.Build.0 = RelWithDebInfo|x64
		{22F3313D-F8AA-395E-A68A-6A8F7BAB7286}.Debug|x64.ActiveCfg = Debug|x64
		{22F3313D-F8AA-395E-A68A-6A8F7BAB7286}.Release|x64.ActiveCfg = Release|x64
		{22F3313D-F8AA-395E-A68A-6A8F7BAB7286}.MinSizeRel|x64.ActiveCfg = MinSizeRel|x64
		{22F3313D-F8AA-395E-A68A-6A8F7BAB7286}.RelWithDebInfo|x64.ActiveCfg = RelWithDebInfo|x64
		{1F6BEF87-54FB-3377-94FB-C63EA3C61077}.Debug|x64.ActiveCfg = Debug|x64
		{1F6BEF87-54FB-3377-94FB-C63EA3C61077}.Debug|x64.Build.0 = Debug|x64
		{1F6BEF87-54FB-3377-94FB-C63EA3C61077}.Release|x64.ActiveCfg = Release|x64
		{1F6BEF87-54FB-3377-94FB-C63EA3C61077}.Release|x64.Build.0 = Release|x64
		{1F6BEF87-54FB-3377-94FB-C63EA3C61077}.MinSizeRel|x64.ActiveCfg = MinSizeRel|x64
		{1F6BEF87-54FB-3377-94FB-C63EA3C61077}.MinSizeRel|x64.Build.0 = MinSizeRel|x64
		{1F6BEF87-54FB-3377-94FB-C63EA3C61077}.RelWithDebInfo|x64.ActiveCfg = RelWithDebInfo|x64
		{1F6BEF87-54FB-3377-94FB-C63EA3C61077}.RelWithDebInfo|x64.Build.0 = RelWithDebInfo|x64
		{4455F937-A357-3011-AB16-AD95BB8FB461}.Debug|x64.ActiveCfg = Debug|x64
		{4455F937-A357-3011-AB16-AD95BB8FB461}.Debug|x64.Build.0 = Debug|x64
		{4455F937-A357-3011-AB16-AD95BB8FB461}.Release|x64.ActiveCfg = Release|x64
		{4455F937-A357-3011-AB16-AD95BB8FB461}.Release|x64.Build.0 = Release|x64
		{4455F937-A357-3011-AB16-AD95BB8FB461}.MinSizeRel|x64.ActiveCfg = MinSizeRel|x64
		{4455F937-A357-3011-AB16-AD95BB8FB461}.MinSizeRel|x64.Build.0 = MinSizeRel|x64
		{4455F937-A357-3011-AB16-AD95BB8FB461}.RelWithDebInfo|x64.ActiveCfg = RelWithDebInfo|x64
		{4455F937-A357-3011-AB16-AD95BB8FB461}.RelWithDebInfo|x64.Build.0 = RelWithDebInfo|x64
		{CE97EB50-BA5E-394F-9C6B-5907CA1876F0}.Debug|x64.ActiveCfg = Debug|x64
		{CE97EB50-BA5E-394F-9C6B-5907CA1876F0}.Debug|x64.Build.0 = Debug|x64
		{CE97EB50-BA5E-394F-9C6B-5907CA1876F0}.Release|x64.ActiveCfg = Release|x64
		{CE97EB50-BA5E-394F-9C6B-5907CA1876F0}.Release|x64.Build.0 = Release|x64
		{CE97EB50-BA5E-394F-9C6B-5907CA1876F0}.MinSizeRel|x64.ActiveCfg = MinSizeRel|x64
		{CE97EB50-BA5E-394F-9C6B-5907CA1876F0}.MinSizeRel|x64.Build.0 = MinSizeRel|x64
		{CE97EB50-BA5E-394F-9C6B-5907CA1876F0}.RelWithDebInfo|x64.ActiveCfg = RelWithDebInfo|x64
		{CE97EB50-BA5E-394F-9C6B-5907CA1876F0}.RelWithDebInfo|x64.Build.0 = RelWithDebInfo|x64
		{C934FD02-8528-3C5D-8021-2B7FB42BF76D}.Debug|x64.ActiveCfg = Debug|x64
		{C934FD02-8528-3C5D-8021-2B7FB42BF76D}.Debug|x64.Build.0 = Debug|x64
		{C934FD02-8528-3C5D-8021-2B7FB42BF76D}.Release|x64.ActiveCfg = Release|x64
		{C934FD02-8528-3C5D-8021-2B7FB42BF76D}.Release|x64.Build.0 = Release|x64
		{C934FD02-8528-3C5D-8021-2B7FB42BF76D}.MinSizeRel|x64.ActiveCfg = MinSizeRel|x64
		{C934FD02-8528-3C5D-8021-2B7FB42BF76D}.MinSizeRel|x64.Build.0 = MinSizeRel|x64
		{C934FD02-8528-3C5D-8021-2B7FB42BF76D}.RelWithDebInfo|x64.ActiveCfg = RelWithDebInfo|x64
		{C934FD02-8528-3C5D-8021-2B7FB42BF76D}.RelWithDebInfo|x64.Build.0 = RelWithDebInfo|x64
		{204799D4-87E8-3130-A46F-3C1001714A23}.Debug|x64.ActiveCfg = Debug|x64
		{204799D4-87E8-3130-A46F-3C1001714A23}.Debug|x64.Build.0 = Debug|x64
		{204799D4-87E8-3130-A46F-3C1001714A23}.Release|x64.ActiveCfg = Release|x64
		{204799D4-87E8-3130-A46F-3C1001714A23}.Release|x64.Build.0 = Release|x64
		{204799D4-87E8-3130-A46F-3C1001714A23}.MinSizeRel|x64.ActiveCfg = MinSizeRel|x64
		{204799D4-87E8-3130-A46F-3C1001714A23}.MinSizeRel|x64.Build.0 = MinSizeRel|x64
		{204799D4-87E8-3130-A46F-3C1001714A23}.RelWithDebInfo|x64.ActiveCfg = RelWithDebInfo|x64
		{204799D4-87E8-3130-A46F-3C1001714A23}.RelWithDebInfo|x64.Build.0 = RelWithDebInfo|x64
		{0F02C724-5F81-3B38-A426-6B096936B331}.Debug|x64.ActiveCfg = Debug|x64
		{0F02C724-5F81-3B38-A426-6B096936B331}.Debug|x64.Build.0 = Debug|x64
		{0F02C724-5F81-3B38-A426-6B096936B331}.Release|x64.ActiveCfg = Release|x64
		{0F02C724-5F81-3B38-A426-6B096936B331}.Release|x64.Build.0 = Release|x64
		{0F02C724-5F81-3B38-A426-6B096936B331}.MinSizeRel|x64.ActiveCfg = MinSizeRel|x64
		{0F02C724-5F81-3B38-A426-6B096936B331}.MinSizeRel|x64.Build.0 = MinSizeRel|x64
		{0F02C724-5F81-3B38-A426-6B096936B331}.RelWithDebInfo|x64.ActiveCfg = RelWithDebInfo|x64
		{0F02C724-5F81-3B38-A426-6B096936B331}.RelWithDebInfo|x64.Build.0 = RelWithDebInfo|x64
		{8230E0EB-2917-34D9-98FD-2B65FD8375FD}.Debug|x64.ActiveCfg = Debug|x64
		{8230E0EB-2917-34D9-98FD-2B65FD8375FD}.Debug|x64.Build.0 = Debug|x64
		{8230E0EB-2917-34D9-98FD-2B65FD8375FD}.Release|x64.ActiveCfg = Release|x64
		{8230E0EB-2917-34D9-98FD-2B65FD8375FD}.Release|x64.Build.0 = Release|x64
		{8230E0EB-2917-34D9-98FD-2B65FD8375FD}.MinSizeRel|x64.ActiveCfg = MinSizeRel|x64
		{8230E0EB-2917-34D9-98FD-2B65FD8375FD}.MinSizeRel|x64.Build.0 = MinSizeRel|x64
		{8230E0EB-2917-34D9-98FD-2B65FD8375FD}.RelWithDebInfo|x64.ActiveCfg = RelWithDebInfo|x64
		{8230E0EB-2917-34D9-98FD-2B65FD8375FD}.RelWithDebInfo|x64.Build.0 = RelWithDebInfo|x64
		{9169A6A8-CA65-35FD-A355-FDFB47E91734}.Debug|x64.ActiveCfg = Debug|x64
		{9169A6A8-CA65-35FD-A355-FDFB47E91734}.Debug|x64.Build.0 = Debug|x64
		{9169A6A8-CA65-35FD-A355-FDFB47E91734}.Release|x64.ActiveCfg = Release|x64
		{9169A6A8-CA65-35FD-A355-FDFB47E91734}.Release|x64.Build.0 = Release|x64
		{9169A6A8-CA65-35FD-A355-FDFB47E91734}.MinSizeRel|x64.ActiveCfg = MinSizeRel|x64
		{9169A6A8-CA65-35FD-A355-FDFB47E91734}.MinSizeRel|x64.Build.0 = MinSizeRel|x64
		{9169A6A8-CA65-35FD-A355-FDFB47E91734}.RelWithDebInfo|x64.ActiveCfg = RelWithDebInfo|x64
		{9169A6A8-CA65-35FD-A355-FDFB47E91734}.RelWithDebInfo|x64.Build.0 = RelWithDebInfo|x64
		{A216E678-E62A-398D-9248-4B3FEBCAC66D}.Debug|x64.ActiveCfg = Debug|x64
		{A216E678-E62A-398D-9248-4B3FEBCAC66D}.Debug|x64.Build.0 = Debug|x64
		{A216E678-E62A-398D-9248-4B3FEBCAC66D}.Release|x64.ActiveCfg = Release|x64
		{A216E678-E62A-398D-9248-4B3FEBCAC66D}.Release|x64.Build.0 = Release|x64
		{A216E678-E62A-398D-9248-4B3FEBCAC66D}.MinSizeRel|x64.ActiveCfg = MinSizeRel|x64
		{A216E678-E62A-398D-9248-4B3FEBCAC66D}.MinSizeRel|x64.Build.0 = MinSizeRel|x64
		{A216E678-E62A-398D-9248-4B3FEBCAC66D}.RelWithDebInfo|x64.ActiveCfg = RelWithDebInfo|x64
		{A216E678-E62A-398D-9248-4B3FEBCAC66D}.RelWithDebInfo|x64.Build.0 = RelWithDebInfo|x64
		{FA867BB6-10A9-3D57-B381-8153424781C3}.Debug|x64.ActiveCfg = Debug|x64
		{FA867BB6-10A9-3D57-B381-8153424781C3}.Debug|x64.Build.0 = Debug|x64
		{FA867BB6-10A9-3D57-B381-8153424781C3}.Release|x64.ActiveCfg = Release|x64
		{FA867BB6-10A9-3D57-B381-8153424781C3}.Release|x64.Build.0 = Release|x64
		{FA867BB6-10A9-3D57-B381-8153424781C3}.MinSizeRel|x64.ActiveCfg = MinSizeRel|x64
		{FA867BB6-10A9-3D57-B381-8153424781C3}.MinSizeRel|x64.Build.0 = MinSizeRel|x64
		{FA867BB6-10A9-3D57-B381-8153424781C3}.RelWithDebInfo|x64.ActiveCfg = RelWithDebInfo|x64
		{FA867BB6-10A9-3D57-B381-8153424781C3}.RelWithDebInfo|x64.Build.0 = RelWithDebInfo|x64
		{30543E6E-B49D-39DB-B157-1F03E709D4C4}.Debug|x64.ActiveCfg = Debug|x64
		{30543E6E-B49D-39DB-B157-1F03E709D4C4}.Debug|x64.Build.0 = Debug|x64
		{30543E6E-B49D-39DB-B157-1F03E709D4C4}.Release|x64.ActiveCfg = Release|x64
		{30543E6E-B49D-39DB-B157-1F03E709D4C4}.Release|x64.Build.0 = Release|x64
		{30543E6E-B49D-39DB-B157-1F03E709D4C4}.MinSizeRel|x64.ActiveCfg = MinSizeRel|x64
		{30543E6E-B49D-39DB-B157-1F03E709D4C4}.MinSizeRel|x64.Build.0 = MinSizeRel|x64
		{30543E6E-B49D-39DB-B157-1F03E709D4C4}.RelWithDebInfo|x64.ActiveCfg = RelWithDebInfo|x64
		{30543E6E-B49D-39DB-B157-1F03E709D4C4}.RelWithDebInfo|x64.Build.0 = RelWithDebInfo|x64
		{C4AF8174-6A7B-3D7B-8D43-DF587AAFC4DE}.Debug|x64.ActiveCfg = Debug|x64
		{C4AF8174-6A7B-3D7B-8D43-DF587AAFC4DE}.Debug|x64.Build.0 = Debug|x64
		{C4AF8174-6A7B-3D7B-8D43-DF587AAFC4DE}.Release|x64.ActiveCfg = Release|x64
		{C4AF8174-6A7B-3D7B-8D43-DF587AAFC4DE}.Release|x64.Build.0 = Release|x64
		{C4AF8174-6A7B-3D7B-8D43-DF587AAFC4DE}.MinSizeRel|x64.ActiveCfg = MinSizeRel|x64
		{C4AF8174-6A7B-3D7B-8D43-DF587AAFC4DE}.MinSizeRel|x64.Build.0 = MinSizeRel|x64
		{C4AF8174-6A7B-3D7B-8D43-DF587AAFC4DE}.RelWithDebInfo|x64.ActiveCfg = RelWithDebInfo|x64
		{C4AF8174-6A7B-3D7B-8D43-DF587AAFC4DE}.RelWithDebInfo|x64.Build.0 = RelWithDebInfo|x64
		{A68FB5C4-64F9-3504-B616-A21900B164E6}.Debug|x64.ActiveCfg = Debug|x64
		{A68FB5C4-64F9-3504-B616-A21900B164E6}.Debug|x64.Build.0 = Debug|x64
		{A68FB5C4-64F9-3504-B616-A21900B164E6}.Release|x64.ActiveCfg = Release|x64
		{A68FB5C4-64F9-3504-B616-A21900B164E6}.Release|x64.Build.0 = Release|x64
		{A68FB5C4-64F9-3504-B616-A21900B164E6}.MinSizeRel|x64.ActiveCfg = MinSizeRel|x64
		{A68FB5C4-64F9-3504-B616-A21900B164E6}.MinSizeRel|x64.Build.0 = MinSizeRel|x64
		{A68FB5C4-64F9-3504-B616-A21900B164E6}.RelWithDebInfo|x64.ActiveCfg = RelWithDebInfo|x64
		{A68FB5C4-64F9-3504-B616-A21900B164E6}.RelWithDebInfo|x64.Build.0 = RelWithDebInfo|x64
		{59ADB174-2207-35AE-B8CF-5B15E5E5AF6C}.Debug|x64.ActiveCfg = Debug|x64
		{59ADB174-2207-35AE-B8CF-5B15E5E5AF6C}.Debug|x64.Build.0 = Debug|x64
		{59ADB174-2207-35AE-B8CF-5B15E5E5AF6C}.Release|x64.ActiveCfg = Release|x64
		{59ADB174-2207-35AE-B8CF-5B15E5E5AF6C}.Release|x64.Build.0 = Release|x64
		{59ADB174-2207-35AE-B8CF-5B15E5E5AF6C}.MinSizeRel|x64.ActiveCfg = MinSizeRel|x64
		{59ADB174-2207-35AE-B8CF-5B15E5E5AF6C}.MinSizeRel|x64.Build.0 = MinSizeRel|x64
		{59ADB174-2207-35AE-B8CF-5B15E5E5AF6C}.RelWithDebInfo|x64.ActiveCfg = RelWithDebInfo|x64
		{59ADB174-2207-35AE-B8CF-5B15E5E5AF6C}.RelWithDebInfo|x64.Build.0 = RelWithDebInfo|x64
		{D27501BB-56A6-3F20-A355-3C875D04C850}.Debug|x64.ActiveCfg = Debug|x64
		{D27501BB-56A6-3F20-A355-3C875D04C850}.Debug|x64.Build.0 = Debug|x64
		{D27501BB-56A6-3F20-A355-3C875D04C850}.Release|x64.ActiveCfg = Release|x64
		{D27501BB-56A6-3F20-A355-3C875D04C850}.Release|x64.Build.0 = Release|x64
		{D27501BB-56A6-3F20-A355-3C875D04C850}.MinSizeRel|x64.ActiveCfg = MinSizeRel|x64
		{D27501BB-56A6-3F20-A355-3C875D04C850}.MinSizeRel|x64.Build.0 = MinSizeRel|x64
		{D27501BB-56A6-3F20-A355-3C875D04C850}.RelWithDebInfo|x64.ActiveCfg = RelWithDebInfo|x64
		{D27501BB-56A6-3F20-A355-3C875D04C850}.RelWithDebInfo|x64.Build.0 = RelWithDebInfo|x64
		{6DF34F3D-B80F-3188-9C87-464DBF9A6E4A}.Debug|x64.ActiveCfg = Debug|x64
		{6DF34F3D-B80F-3188-9C87-464DBF9A6E4A}.Debug|x64.Build.0 = Debug|x64
		{6DF34F3D-B80F-3188-9C87-464DBF9A6E4A}.Release|x64.ActiveCfg = Release|x64
		{6DF34F3D-B80F-3188-9C87-464DBF9A6E4A}.Release|x64.Build.0 = Release|x64
		{6DF34F3D-B80F-3188-9C87-464DBF9A6E4A}.MinSizeRel|x64.ActiveCfg = MinSizeRel|x64
		{6DF34F3D-B80F-3188-9C87-464DBF9A6E4A}.MinSizeRel|x64.Build.0 = MinSizeRel|x64
		{6DF34F3D-B80F-3188-9C87-464DBF9A6E4A}.RelWithDebInfo|x64.ActiveCfg = RelWithDebInfo|x64
		{6DF34F3D-B80F-3188-9C87-464DBF9A6E4A}.RelWithDebInfo|x64.Build.0 = RelWithDebInfo|x64
		{8F8C888F-2224-399F-A536-1C02F2925D8C}.Debug|x64.ActiveCfg = Debug|x64
		{8F8C888F-2224-399F-A536-1C02F2925D8C}.Debug|x64.Build.0 = Debug|x64
		{8F8C888F-2224-399F-A536-1C02F2925D8C}.Release|x64.ActiveCfg = Release|x64
		{8F8C888F-2224-399F-A536-1C02F2925D8C}.Release|x64.Build.0 = Release|x64
		{8F8C888F-2224-399F-A536-1C02F2925D8C}.MinSizeRel|x64.ActiveCfg = MinSizeRel|x64
		{8F8C888F-2224-399F-A536-1C02F2925D8C}.MinSizeRel|x64.Build.0 = MinSizeRel|x64
		{8F8C888F-2224-399F-A536-1C02F2925D8C}.RelWithDebInfo|x64.ActiveCfg = RelWithDebInfo|x64
		{8F8C888F-2224-399F-A536-1C02F2925D8C}.RelWithDebInfo|x64.Build.0 = RelWithDebInfo|x64
		{564434F0-513F-3559-8BC1-14701C15B36D}.Debug|x64.ActiveCfg = Debug|x64
		{564434F0-513F-3559-8BC1-14701C15B36D}.Debug|x64.Build.0 = Debug|x64
		{564434F0-513F-3559-8BC1-14701C15B36D}.Release|x64.ActiveCfg = Release|x64
		{564434F0-513F-3559-8BC1-14701C15B36D}.Release|x64.Build.0 = Release|x64
		{564434F0-513F-3559-8BC1-14701C15B36D}.MinSizeRel|x64.ActiveCfg = MinSizeRel|x64
		{564434F0-513F-3559-8BC1-14701C15B36D}.MinSizeRel|x64.Build.0 = MinSizeRel|x64
		{564434F0-513F-3559-8BC1-14701C15B36D}.RelWithDebInfo|x64.ActiveCfg = RelWithDebInfo|x64
		{564434F0-513F-3559-8BC1-14701C15B36D}.RelWithDebInfo|x64.Build.0 = RelWithDebInfo|x64
		{343F03CF-B9AA-3A29-BC1B-1FE815012902}.Debug|x64.ActiveCfg = Debug|x64
		{343F03CF-B9AA-3A29-BC1B-1FE815012902}.Debug|x64.Build.0 = Debug|x64
		{343F03CF-B9AA-3A29-BC1B-1FE815012902}.Release|x64.ActiveCfg = Release|x64
		{343F03CF-B9AA-3A29-BC1B-1FE815012902}.Release|x64.Build.0 = Release|x64
		{343F03CF-B9AA-3A29-BC1B-1FE815012902}.MinSizeRel|x64.ActiveCfg = MinSizeRel|x64
		{343F03CF-B9AA-3A29-BC1B-1FE815012902}.MinSizeRel|x64.Build.0 = MinSizeRel|x64
		{343F03CF-B9AA-3A29-BC1B-1FE815012902}.RelWithDebInfo|x64.ActiveCfg = RelWithDebInfo|x64
		{343F03CF-B9AA-3A29-BC1B-1FE815012902}.RelWithDebInfo|x64.Build.0 = RelWithDebInfo|x64
		{3BED3F85-19EB-36E8-A673-9167B748CE77}.Debug|x64.ActiveCfg = Debug|x64
		{3BED3F85-19EB-36E8-A673-9167B748CE77}.Debug|x64.Build.0 = Debug|x64
		{3BED3F85-19EB-36E8-A673-9167B748CE77}.Release|x64.ActiveCfg = Release|x64
		{3BED3F85-19EB-36E8-A673-9167B748CE77}.Release|x64.Build.0 = Release|x64
		{3BED3F85-19EB-36E8-A673-9167B748CE77}.MinSizeRel|x64.ActiveCfg = MinSizeRel|x64
		{3BED3F85-19EB-36E8-A673-9167B748CE77}.MinSizeRel|x64.Build.0 = MinSizeRel|x64
		{3BED3F85-19EB-36E8-A673-9167B748CE77}.RelWithDebInfo|x64.ActiveCfg = RelWithDebInfo|x64
		{3BED3F85-19EB-36E8-A673-9167B748CE77}.RelWithDebInfo|x64.Build.0 = RelWithDebInfo|x64
		{E1EAD74C-FD9A-3769-B160-E818FBBDC71A}.Debug|x64.ActiveCfg = Debug|x64
		{E1EAD74C-FD9A-3769-B160-E818FBBDC71A}.Debug|x64.Build.0 = Debug|x64
		{E1EAD74C-FD9A-3769-B160-E818FBBDC71A}.Release|x64.ActiveCfg = Release|x64
		{E1EAD74C-FD9A-3769-B160-E818FBBDC71A}.Release|x64.Build.0 = Release|x64
		{E1EAD74C-FD9A-3769-B160-E818FBBDC71A}.MinSizeRel|x64.ActiveCfg = MinSizeRel|x64
		{E1EAD74C-FD9A-3769-B160-E818FBBDC71A}.MinSizeRel|x64.Build.0 = MinSizeRel|x64
		{E1EAD74C-FD9A-3769-B160-E818FBBDC71A}.RelWithDebInfo|x64.ActiveCfg = RelWithDebInfo|x64
		{E1EAD74C-FD9A-3769-B160-E818FBBDC71A}.RelWithDebInfo|x64.Build.0 = RelWithDebInfo|x64
		{C54C2A77-E995-35FB-99DC-01ACBAC0A67E}.Debug|x64.ActiveCfg = Debug|x64
		{C54C2A77-E995-35FB-99DC-01ACBAC0A67E}.Debug|x64.Build.0 = Debug|x64
		{C54C2A77-E995-35FB-99DC-01ACBAC0A67E}.Release|x64.ActiveCfg = Release|x64
		{C54C2A77-E995-35FB-99DC-01ACBAC0A67E}.Release|x64.Build.0 = Release|x64
		{C54C2A77-E995-35FB-99DC-01ACBAC0A67E}.MinSizeRel|x64.ActiveCfg = MinSizeRel|x64
		{C54C2A77-E995-35FB-99DC-01ACBAC0A67E}.MinSizeRel|x64.Build.0 = MinSizeRel|x64
		{C54C2A77-E995-35FB-99DC-01ACBAC0A67E}.RelWithDebInfo|x64.ActiveCfg = RelWithDebInfo|x64
		{C54C2A77-E995-35FB-99DC-01ACBAC0A67E}.RelWithDebInfo|x64.Build.0 = RelWithDebInfo|x64
		{98B15168-CA6E-3D71-A5F8-A9423556B5AA}.Debug|x64.ActiveCfg = Debug|x64
		{98B15168-CA6E-3D71-A5F8-A9423556B5AA}.Debug|x64.Build.0 = Debug|x64
		{98B15168-CA6E-3D71-A5F8-A9423556B5AA}.Release|x64.ActiveCfg = Release|x64
		{98B15168-CA6E-3D71-A5F8-A9423556B5AA}.Release|x64.Build.0 = Release|x64
		{98B15168-CA6E-3D71-A5F8-A9423556B5AA}.MinSizeRel|x64.ActiveCfg = MinSizeRel|x64
		{98B15168-CA6E-3D71-A5F8-A9423556B5AA}.MinSizeRel|x64.Build.0 = MinSizeRel|x64
		{98B15168-CA6E-3D71-A5F8-A9423556B5AA}.RelWithDebInfo|x64.ActiveCfg = RelWithDebInfo|x64
		{98B15168-CA6E-3D71-A5F8-A9423556B5AA}.RelWithDebInfo|x64.Build.0 = RelWithDebInfo|x64
		{1F4D0270-652B-38EC-87C9-C3DF031D6560}.Debug|x64.ActiveCfg = Debug|x64
		{1F4D0270-652B-38EC-87C9-C3DF031D6560}.Debug|x64.Build.0 = Debug|x64
		{1F4D0270-652B-38EC-87C9-C3DF031D6560}.Release|x64.ActiveCfg = Release|x64
		{1F4D0270-652B-38EC-87C9-C3DF031D6560}.Release|x64.Build.0 = Release|x64
		{1F4D0270-652B-38EC-87C9-C3DF031D6560}.MinSizeRel|x64.ActiveCfg = MinSizeRel|x64
		{1F4D0270-652B-38EC-87C9-C3DF031D6560}.MinSizeRel|x64.Build.0 = MinSizeRel|x64
		{1F4D0270-652B-38EC-87C9-C3DF031D6560}.RelWithDebInfo|x64.ActiveCfg = RelWithDebInfo|x64
		{1F4D0270-652B-38EC-87C9-C3DF031D6560}.RelWithDebInfo|x64.Build.0 = RelWithDebInfo|x64
	EndGlobalSection
	GlobalSection(NestedProjects) = preSolution
		{A4880D07-576B-3A2C-B75F-BC5D21E6336B} = {9ADC2989-DFF1-3757-AE73-5984292A1CCE}
		{3AC58F42-0981-3A58-B62E-E43DA4A198C2} = {9ADC2989-DFF1-3757-AE73-5984292A1CCE}
		{95446004-56A8-3286-960D-EED600848C01} = {9ADC2989-DFF1-3757-AE73-5984292A1CCE}
		{F158BF11-9B75-3572-8D20-476B337647E9} = {9ADC2989-DFF1-3757-AE73-5984292A1CCE}
		{1F6BEF87-54FB-3377-94FB-C63EA3C61077} = {1479B841-932F-36DE-BBFF-461663FA5FC5}
		{4455F937-A357-3011-AB16-AD95BB8FB461} = {1479B841-932F-36DE-BBFF-461663FA5FC5}
		{CE97EB50-BA5E-394F-9C6B-5907CA1876F0} = {1479B841-932F-36DE-BBFF-461663FA5FC5}
		{C934FD02-8528-3C5D-8021-2B7FB42BF76D} = {1479B841-932F-36DE-BBFF-461663FA5FC5}
		{0F02C724-5F81-3B38-A426-6B096936B331} = {1479B841-932F-36DE-BBFF-461663FA5FC5}
		{8230E0EB-2917-34D9-98FD-2B65FD8375FD} = {1479B841-932F-36DE-BBFF-461663FA5FC5}
		{A216E678-E62A-398D-9248-4B3FEBCAC66D} = {1479B841-932F-36DE-BBFF-461663FA5FC5}
		{FA867BB6-10A9-3D57-B381-8153424781C3} = {1479B841-932F-36DE-BBFF-461663FA5FC5}
		{C4AF8174-6A7B-3D7B-8D43-DF587AAFC4DE} = {1479B841-932F-36DE-BBFF-461663FA5FC5}
		{A68FB5C4-64F9-3504-B616-A21900B164E6} = {1479B841-932F-36DE-BBFF-461663FA5FC5}
		{6DF34F3D-B80F-3188-9C87-464DBF9A6E4A} = {1479B841-932F-36DE-BBFF-461663FA5FC5}
		{8F8C888F-2224-399F-A536-1C02F2925D8C} = {1479B841-932F-36DE-BBFF-461663FA5FC5}
		{343F03CF-B9AA-3A29-BC1B-1FE815012902} = {1479B841-932F-36DE-BBFF-461663FA5FC5}
		{E1EAD74C-FD9A-3769-B160-E818FBBDC71A} = {1479B841-932F-36DE-BBFF-461663FA5FC5}
		{C54C2A77-E995-35FB-99DC-01ACBAC0A67E} = {1479B841-932F-36DE-BBFF-461663FA5FC5}
		{98B15168-CA6E-3D71-A5F8-A9423556B5AA} = {1479B841-932F-36DE-BBFF-461663FA5FC5}
		{204799D4-87E8-3130-A46F-3C1001714A23} = {4882C5C7-075B-3F34-A55A-053D6BF98AE0}
		{9169A6A8-CA65-35FD-A355-FDFB47E91734} = {4882C5C7-075B-3F34-A55A-053D6BF98AE0}
		{30543E6E-B49D-39DB-B157-1F03E709D4C4} = {4882C5C7-075B-3F34-A55A-053D6BF98AE0}
		{D27501BB-56A6-3F20-A355-3C875D04C850} = {4882C5C7-075B-3F34-A55A-053D6BF98AE0}
		{564434F0-513F-3559-8BC1-14701C15B36D} = {4882C5C7-075B-3F34-A55A-053D6BF98AE0}
		{3BED3F85-19EB-36E8-A673-9167B748CE77} = {4882C5C7-075B-3F34-A55A-053D6BF98AE0}
		{1F4D0270-652B-38EC-87C9-C3DF031D6560} = {4882C5C7-075B-3F34-A55A-053D6BF98AE0}
		{59ADB174-2207-35AE-B8CF-5B15E5E5AF6C} = {825CAA60-CAA7-3F5C-9BB8-0EA60CB135A9}
		{22F3313D-F8AA-395E-A68A-6A8F7BAB7286} = {E60E4E11-2344-3187-8178-A81B2C511982}
	EndGlobalSection
	GlobalSection(ExtensibilityGlobals) = postSolution
		SolutionGuid = {8469F557-3388-31EE-94EF-36C86A3D7D44}
	EndGlobalSection
	GlobalSection(ExtensibilityAddIns) = postSolution
	EndGlobalSection
EndGlobal
