<?xml version="1.0" encoding="utf-8"?>
<Project ToolsVersion="16.0" xmlns="http://schemas.microsoft.com/developer/msbuild/2003">
  <ItemGroup>
    <ClCompile Include="D:\git\April-Tag-VR-FullBody-Tracker\wxWidgets\src\common\glcmn.cpp">
      <Filter>Common Sources</Filter>
    </ClCompile>
    <ClCompile Include="D:\git\April-Tag-VR-FullBody-Tracker\wxWidgets\src\msw\glcanvas.cpp">
      <Filter>MSW Sources</Filter>
    </ClCompile>
  </ItemGroup>
  <ItemGroup>
    <ClInclude Include="D:\git\April-Tag-VR-FullBody-Tracker\wxWidgets\include\wx\glcanvas.h">
      <Filter>Common Headers</Filter>
    </ClInclude>
    <ClInclude Include="D:\git\April-Tag-VR-FullBody-Tracker\wxWidgets\include\wx\msw\glcanvas.h">
      <Filter>MSW Headers</Filter>
    </ClInclude>
    <ClInclude Include="D:\git\April-Tag-VR-FullBody-Tracker\win\lib\vc_x64_lib\mswu\wx\setup.h">
      <Filter>Setup Headers</Filter>
    </ClInclude>
  </ItemGroup>
  <ItemGroup>
    <CustomBuild Include="D:\git\April-Tag-VR-FullBody-Tracker\win\CMakeFiles\92dd26815d59223362923de9c01a6a58\wxgl_CXX_prefix.hxx.rule">
      <Filter>CMake Rules</Filter>
    </CustomBuild>
    <CustomBuild Include="D:\git\April-Tag-VR-FullBody-Tracker\wxWidgets\build\cmake\lib\gl\CMakeLists.txt" />
  </ItemGroup>
  <ItemGroup>
    <Filter Include="CMake Rules">
      <UniqueIdentifier>{916A4C8E-BBD1-32C4-8366-EDD3147CB038}</UniqueIdentifier>
    </Filter>
    <Filter Include="Common Headers">
      <UniqueIdentifier>{07F3BA9A-8D1C-3EAD-AAB9-A561FEFEC5E8}</UniqueIdentifier>
    </Filter>
    <Filter Include="Common Sources">
      <UniqueIdentifier>{EBC1DCF0-25BB-3E93-B068-E0519112FB4C}</UniqueIdentifier>
    </Filter>
    <Filter Include="MSW Headers">
      <UniqueIdentifier>{A047E391-FDCA-3D82-9EE9-27092B6E2D5E}</UniqueIdentifier>
    </Filter>
    <Filter Include="MSW Sources">
      <UniqueIdentifier>{DC2D4C78-79AD-3951-9EC7-CF50FE9E9A0E}</UniqueIdentifier>
    </Filter>
    <Filter Include="Setup Headers">
      <UniqueIdentifier>{B713D645-9CD7-32FC-BF95-A15104CC1421}</UniqueIdentifier>
    </Filter>
  </ItemGroup>
</Project>
